
Microsoft Visual Studio Solution File, Format Version 12.00
# Visual Studio 15
VisualStudioVersion = 15.0.26127.3
MinimumVisualStudioVersion = 10.0.40219.1
Project("{9A19103F-16F7-4668-BE54-9A1E7A4F7556}") = "Flat.Core", "Flat.Core\Flat.Core.csproj", "{D72E98D5-7C52-4E15-A86C-7330C6B65ABB}"
EndProject
Project("{FAE04EC0-301F-11D3-BF4B-00C04F79EFBC}") = "Tests", "Tests\Tests.csproj", "{D5C1D965-3300-43D2-B8AB-65E302002342}"
EndProject
Global
	GlobalSection(SolutionConfigurationPlatforms) = preSolution
		Debug|Any CPU = Debug|Any CPU
		Debug|x64 = Debug|x64
		Debug|x86 = Debug|x86
		Release|Any CPU = Release|Any CPU
		Release|x64 = Release|x64
		Release|x86 = Release|x86
	EndGlobalSection
	GlobalSection(ProjectConfigurationPlatforms) = postSolution
		{D72E98D5-7C52-4E15-A86C-7330C6B65ABB}.Debug|Any CPU.ActiveCfg = Debug|Any CPU
		{D72E98D5-7C52-4E15-A86C-7330C6B65ABB}.Debug|Any CPU.Build.0 = Debug|Any CPU
		{D72E98D5-7C52-4E15-A86C-7330C6B65ABB}.Debug|x64.ActiveCfg = Debug|x64
		{D72E98D5-7C52-4E15-A86C-7330C6B65ABB}.Debug|x64.Build.0 = Debug|x64
		{D72E98D5-7C52-4E15-A86C-7330C6B65ABB}.Debug|x86.ActiveCfg = Debug|x86
		{D72E98D5-7C52-4E15-A86C-7330C6B65ABB}.Debug|x86.Build.0 = Debug|x86
		{D72E98D5-7C52-4E15-A86C-7330C6B65ABB}.Release|Any CPU.ActiveCfg = Release|Any CPU
		{D72E98D5-7C52-4E15-A86C-7330C6B65ABB}.Release|Any CPU.Build.0 = Release|Any CPU
		{D72E98D5-7C52-4E15-A86C-7330C6B65ABB}.Release|x64.ActiveCfg = Release|x64
		{D72E98D5-7C52-4E15-A86C-7330C6B65ABB}.Release|x64.Build.0 = Release|x64
		{D72E98D5-7C52-4E15-A86C-7330C6B65ABB}.Release|x86.ActiveCfg = Release|x86
		{D72E98D5-7C52-4E15-A86C-7330C6B65ABB}.Release|x86.Build.0 = Release|x86
		{D5C1D965-3300-43D2-B8AB-65E302002342}.Debug|Any CPU.ActiveCfg = Debug|Any CPU
		{D5C1D965-3300-43D2-B8AB-65E302002342}.Debug|Any CPU.Build.0 = Debug|Any CPU
		{D5C1D965-3300-43D2-B8AB-65E302002342}.Debug|x64.ActiveCfg = Debug|Any CPU
		{D5C1D965-3300-43D2-B8AB-65E302002342}.Debug|x64.Build.0 = Debug|Any CPU
		{D5C1D965-3300-43D2-B8AB-65E302002342}.Debug|x86.ActiveCfg = Debug|Any CPU
		{D5C1D965-3300-43D2-B8AB-65E302002342}.Debug|x86.Build.0 = Debug|Any CPU
		{D5C1D965-3300-43D2-B8AB-65E302002342}.Release|Any CPU.ActiveCfg = Release|Any CPU
		{D5C1D965-3300-43D2-B8AB-65E302002342}.Release|Any CPU.Build.0 = Release|Any CPU
		{D5C1D965-3300-43D2-B8AB-65E302002342}.Release|x64.ActiveCfg = Release|Any CPU
		{D5C1D965-3300-43D2-B8AB-65E302002342}.Release|x64.Build.0 = Release|Any CPU
		{D5C1D965-3300-43D2-B8AB-65E302002342}.Release|x86.ActiveCfg = Release|Any CPU
		{D5C1D965-3300-43D2-B8AB-65E302002342}.Release|x86.Build.0 = Release|Any CPU
	EndGlobalSection
	GlobalSection(SolutionProperties) = preSolution
		HideSolutionNode = FALSE
	EndGlobalSection
EndGlobal
